
Microsoft Visual Studio Solution File, Format Version 12.00
# Visual Studio Version 16
VisualStudioVersion = 16.0.30503.244
MinimumVisualStudioVersion = 10.0.40219.1
Project("{FAE04EC0-301F-11D3-BF4B-00C04F79EFBC}") = "DS_BinarySearchTree", "DS_BinarySearchTree\DS_BinarySearchTree.csproj", "{AE66D676-FE6C-4702-9606-F3607F2D7427}"
EndProject
Global
	GlobalSection(SolutionConfigurationPlatforms) = preSolution
		Debug|Any CPU = Debug|Any CPU
		Release|Any CPU = Release|Any CPU
	EndGlobalSection
	GlobalSection(ProjectConfigurationPlatforms) = postSolution
		{AE66D676-FE6C-4702-9606-F3607F2D7427}.Debug|Any CPU.ActiveCfg = Debug|Any CPU
		{AE66D676-FE6C-4702-9606-F3607F2D7427}.Debug|Any CPU.Build.0 = Debug|Any CPU
		{AE66D676-FE6C-4702-9606-F3607F2D7427}.Release|Any CPU.ActiveCfg = Release|Any CPU
		{AE66D676-FE6C-4702-9606-F3607F2D7427}.Release|Any CPU.Build.0 = Release|Any CPU
	EndGlobalSection
	GlobalSection(SolutionProperties) = preSolution
		HideSolutionNode = FALSE
	EndGlobalSection
	GlobalSection(ExtensibilityGlobals) = postSolution
		SolutionGuid = {33856754-38B1-4732-B03A-519632452BC2}
	EndGlobalSection
EndGlobal
